{
  "name": "controls-demo",
  "version": "1.0.0",
  "lockfileVersion": 2,
  "requires": true,
  "packages": {
    "": {
      "name": "controls-demo",
      "version": "1.0.0",
      "license": "BSD-3-Clause",
      "dependencies": {
        "@kdsoft/lit-mvvm": "../../",
        "@kdsoft/lit-mvvm-components": "file:../../components",
        "@nx-js/queue-util": "^1.1.1"
      },
      "devDependencies": {
        "vite": "^2.5.3"
      }
    },
    "../..": {
      "name": "@kdsoft/lit-mvvm",
      "version": "2.0.0-beta.4",
      "license": "BSD-3-Clause",
      "dependencies": {
        "@lit/reactive-element": "^1.0.0-rc.3",
        "@nx-js/observer-util": "^4.2.2",
        "lit": "^2.0.0-rc.3"
      },
      "devDependencies": {
        "eslint": "^7.32.0",
        "eslint-config-airbnb-base": "^14.2.1",
        "eslint-plugin-import": "^2.24.2",
        "typescript": "^4.4.2"
      }
    },
    "../../components": {
      "name": "@kdsoft/lit-mvvm-components",
      "version": "1.0.0-beta.6",
      "license": "BSD-3-Clause",
      "dependencies": {
        "@kdsoft/lit-mvvm": "../",
        "@nx-js/queue-util": "^1.1.1",
        "glob": "^7.1.7"
      },
      "devDependencies": {
        "@fortawesome/fontawesome-free": "^5.15.4",
        "autoprefixer": "^10.3.3",
        "eslint": "^7.32.0",
        "eslint-config-airbnb-base": "^14.2.1",
        "eslint-plugin-import": "^2.24.2",
        "postcss": "^8.3.6",
        "postcss-cli": "^8.3.1",
        "postcss-copy": "^7.1.0",
        "postcss-import": "^14.0.2",
        "rimraf": "^3.0.2",
        "tailwindcss": "^2.2.9"
      }
    },
    "node_modules/@kdsoft/lit-mvvm": {
      "resolved": "../..",
      "link": true
    },
    "node_modules/@kdsoft/lit-mvvm-components": {
      "resolved": "../../components",
      "link": true
    },
    "node_modules/@nx-js/queue-util": {
      "version": "1.1.1",
      "resolved": "https://registry.npmjs.org/@nx-js/queue-util/-/queue-util-1.1.1.tgz",
      "integrity": "sha512-LYRpNdDLFhtN3ZOlg+qnFyU7U5moGKF2YjRmbM7U+XjFCPmOtrynuG7cswB8QngnaC9JbhCpF4QnPusdhz1jQg==",
      "engines": {
        "node": ">=6.5.0"
      }
    },
    "node_modules/colorette": {
      "version": "1.3.0",
      "resolved": "https://registry.npmjs.org/colorette/-/colorette-1.3.0.tgz",
      "integrity": "sha512-ecORCqbSFP7Wm8Y6lyqMJjexBQqXSF7SSeaTyGGphogUjBlFP9m9o08wy86HL2uB7fMTxtOUzLMk7ogKcxMg1w==",
      "dev": true
    },
    "node_modules/esbuild": {
      "version": "0.12.24",
      "resolved": "https://registry.npmjs.org/esbuild/-/esbuild-0.12.24.tgz",
      "integrity": "sha512-C0ibY+HsXzYB6L/pLWEiWjMpghKsIc58Q5yumARwBQsHl9DXPakW+5NI/Y9w4YXiz0PEP6XTGTT/OV4Nnsmb4A==",
      "dev": true,
      "hasInstallScript": true,
      "bin": {
        "esbuild": "bin/esbuild"
      }
    },
    "node_modules/fsevents": {
      "version": "2.3.2",
      "resolved": "https://registry.npmjs.org/fsevents/-/fsevents-2.3.2.tgz",
      "integrity": "sha512-xiqMQR4xAeHTuB9uWm+fFRcIOgKBMiOBP+eXiyT7jsgVCq1bkVygt00oASowB7EdtpOHaaPgKt812P9ab+DDKA==",
      "dev": true,
      "hasInstallScript": true,
      "optional": true,
      "os": [
        "darwin"
      ],
      "engines": {
        "node": "^8.16.0 || ^10.6.0 || >=11.0.0"
      }
    },
    "node_modules/function-bind": {
      "version": "1.1.1",
      "resolved": "https://registry.npmjs.org/function-bind/-/function-bind-1.1.1.tgz",
      "integrity": "sha512-yIovAzMX49sF8Yl58fSCWJ5svSLuaibPxXQJFLmBObTuCr0Mf1KiPopGM9NiFjiYBCbfaa2Fh6breQ6ANVTI0A==",
      "dev": true
    },
    "node_modules/has": {
      "version": "1.0.3",
      "resolved": "https://registry.npmjs.org/has/-/has-1.0.3.tgz",
      "integrity": "sha512-f2dvO0VU6Oej7RkWJGrehjbzMAjFp5/VKPp5tTpWIV4JHHZK1/BxbFRtf/siA2SWTe09caDmVtYYzWEIbBS4zw==",
      "dev": true,
      "dependencies": {
        "function-bind": "^1.1.1"
      },
      "engines": {
        "node": ">= 0.4.0"
      }
    },
    "node_modules/is-core-module": {
      "version": "2.4.0",
      "resolved": "https://registry.npmjs.org/is-core-module/-/is-core-module-2.4.0.tgz",
      "integrity": "sha512-6A2fkfq1rfeQZjxrZJGerpLCTHRNEBiSgnu0+obeJpEPZRUooHgsizvzv0ZjJwOz3iWIHdJtVWJ/tmPr3D21/A==",
      "dev": true,
      "dependencies": {
        "has": "^1.0.3"
      },
      "funding": {
        "url": "https://github.com/sponsors/ljharb"
      }
    },
    "node_modules/nanoid": {
      "version": "3.1.25",
      "resolved": "https://registry.npmjs.org/nanoid/-/nanoid-3.1.25.tgz",
      "integrity": "sha512-rdwtIXaXCLFAQbnfqDRnI6jaRHp9fTcYBjtFKE8eezcZ7LuLjhUaQGNeMXf1HmRoCH32CLz6XwX0TtxEOS/A3Q==",
      "dev": true,
      "bin": {
        "nanoid": "bin/nanoid.cjs"
      },
      "engines": {
        "node": "^10 || ^12 || ^13.7 || ^14 || >=15.0.1"
      }
    },
    "node_modules/path-parse": {
      "version": "1.0.7",
      "resolved": "https://registry.npmjs.org/path-parse/-/path-parse-1.0.7.tgz",
      "integrity": "sha512-LDJzPVEEEPR+y48z93A0Ed0yXb8pAByGWo/k5YYdYgpY2/2EsOsksJrq7lOHxryrVOn1ejG6oAp8ahvOIQD8sw==",
      "dev": true
    },
    "node_modules/postcss": {
      "version": "8.3.6",
      "resolved": "https://registry.npmjs.org/postcss/-/postcss-8.3.6.tgz",
      "integrity": "sha512-wG1cc/JhRgdqB6WHEuyLTedf3KIRuD0hG6ldkFEZNCjRxiC+3i6kkWUUbiJQayP28iwG35cEmAbe98585BYV0A==",
      "dev": true,
      "dependencies": {
        "colorette": "^1.2.2",
        "nanoid": "^3.1.23",
        "source-map-js": "^0.6.2"
      },
      "engines": {
        "node": "^10 || ^12 || >=14"
      },
      "funding": {
        "type": "opencollective",
        "url": "https://opencollective.com/postcss/"
      }
    },
    "node_modules/resolve": {
      "version": "1.20.0",
      "resolved": "https://registry.npmjs.org/resolve/-/resolve-1.20.0.tgz",
      "integrity": "sha512-wENBPt4ySzg4ybFQW2TT1zMQucPK95HSh/nq2CFTZVOGut2+pQvSsgtda4d26YrYcr067wjbmzOG8byDPBX63A==",
      "dev": true,
      "dependencies": {
        "is-core-module": "^2.2.0",
        "path-parse": "^1.0.6"
      },
      "funding": {
        "url": "https://github.com/sponsors/ljharb"
      }
    },
    "node_modules/rollup": {
      "version": "2.50.4",
      "resolved": "https://registry.npmjs.org/rollup/-/rollup-2.50.4.tgz",
      "integrity": "sha512-mBQa9O6bdqur7a6R+TXcbdYgfO2arXlDG+rSrWfwAvsiumpJjD4OS23R9QuhItuz8ysWb8mZ91CFFDQUhJY+8Q==",
      "dev": true,
      "bin": {
        "rollup": "dist/bin/rollup"
      },
      "engines": {
        "node": ">=10.0.0"
      },
      "optionalDependencies": {
        "fsevents": "~2.3.1"
      }
    },
    "node_modules/source-map-js": {
      "version": "0.6.2",
      "resolved": "https://registry.npmjs.org/source-map-js/-/source-map-js-0.6.2.tgz",
      "integrity": "sha512-/3GptzWzu0+0MBQFrDKzw/DvvMTUORvgY6k6jd/VS6iCR4RDTKWH6v6WPwQoUO8667uQEf9Oe38DxAYWY5F/Ug==",
      "dev": true,
      "engines": {
        "node": ">=0.10.0"
      }
    },
    "node_modules/vite": {
      "version": "2.5.3",
      "resolved": "https://registry.npmjs.org/vite/-/vite-2.5.3.tgz",
      "integrity": "sha512-1wMDnjflvtTTkMov8O/Xb5+w1/VW/Gw8oCf8f6dqgHn8lMOEqq0SaPtFEQeikFcOKCfSbiU0nEi0LDIx6DNsaQ==",
      "dev": true,
      "dependencies": {
        "esbuild": "^0.12.17",
        "postcss": "^8.3.6",
        "resolve": "^1.20.0",
        "rollup": "^2.38.5"
      },
      "bin": {
        "vite": "bin/vite.js"
      },
      "engines": {
        "node": ">=12.2.0"
      },
      "optionalDependencies": {
        "fsevents": "~2.3.2"
      }
    }
  },
  "dependencies": {
    "@kdsoft/lit-mvvm": {
      "version": "file:../..",
      "requires": {
        "@lit/reactive-element": "^1.0.0-rc.3",
        "@nx-js/observer-util": "^4.2.2",
        "eslint": "^7.32.0",
        "eslint-config-airbnb-base": "^14.2.1",
        "eslint-plugin-import": "^2.24.2",
        "lit": "^2.0.0-rc.3",
        "typescript": "^4.4.2"
      }
    },
    "@kdsoft/lit-mvvm-components": {
      "version": "file:../../components",
      "requires": {
        "@fortawesome/fontawesome-free": "^5.15.4",
        "@kdsoft/lit-mvvm": "../",
        "@nx-js/queue-util": "^1.1.1",
        "autoprefixer": "^10.3.3",
        "eslint": "^7.32.0",
        "eslint-config-airbnb-base": "^14.2.1",
        "eslint-plugin-import": "^2.24.2",
        "glob": "^7.1.7",
        "postcss": "^8.3.6",
        "postcss-cli": "^8.3.1",
        "postcss-copy": "^7.1.0",
        "postcss-import": "^14.0.2",
        "rimraf": "^3.0.2",
        "tailwindcss": "^2.2.9"
      }
    },
    "@nx-js/queue-util": {
      "version": "1.1.1",
      "resolved": "https://registry.npmjs.org/@nx-js/queue-util/-/queue-util-1.1.1.tgz",
      "integrity": "sha512-LYRpNdDLFhtN3ZOlg+qnFyU7U5moGKF2YjRmbM7U+XjFCPmOtrynuG7cswB8QngnaC9JbhCpF4QnPusdhz1jQg=="
    },
    "colorette": {
      "version": "1.3.0",
      "resolved": "https://registry.npmjs.org/colorette/-/colorette-1.3.0.tgz",
      "integrity": "sha512-ecORCqbSFP7Wm8Y6lyqMJjexBQqXSF7SSeaTyGGphogUjBlFP9m9o08wy86HL2uB7fMTxtOUzLMk7ogKcxMg1w==",
      "dev": true
    },
    "esbuild": {
      "version": "0.12.24",
      "resolved": "https://registry.npmjs.org/esbuild/-/esbuild-0.12.24.tgz",
      "integrity": "sha512-C0ibY+HsXzYB6L/pLWEiWjMpghKsIc58Q5yumARwBQsHl9DXPakW+5NI/Y9w4YXiz0PEP6XTGTT/OV4Nnsmb4A==",
      "dev": true
    },
    "fsevents": {
      "version": "2.3.2",
      "resolved": "https://registry.npmjs.org/fsevents/-/fsevents-2.3.2.tgz",
      "integrity": "sha512-xiqMQR4xAeHTuB9uWm+fFRcIOgKBMiOBP+eXiyT7jsgVCq1bkVygt00oASowB7EdtpOHaaPgKt812P9ab+DDKA==",
      "dev": true,
      "optional": true
    },
    "function-bind": {
      "version": "1.1.1",
      "resolved": "https://registry.npmjs.org/function-bind/-/function-bind-1.1.1.tgz",
      "integrity": "sha512-yIovAzMX49sF8Yl58fSCWJ5svSLuaibPxXQJFLmBObTuCr0Mf1KiPopGM9NiFjiYBCbfaa2Fh6breQ6ANVTI0A==",
      "dev": true
    },
    "has": {
      "version": "1.0.3",
      "resolved": "https://registry.npmjs.org/has/-/has-1.0.3.tgz",
      "integrity": "sha512-f2dvO0VU6Oej7RkWJGrehjbzMAjFp5/VKPp5tTpWIV4JHHZK1/BxbFRtf/siA2SWTe09caDmVtYYzWEIbBS4zw==",
      "dev": true,
      "requires": {
        "function-bind": "^1.1.1"
      }
    },
    "is-core-module": {
      "version": "2.4.0",
      "resolved": "https://registry.npmjs.org/is-core-module/-/is-core-module-2.4.0.tgz",
      "integrity": "sha512-6A2fkfq1rfeQZjxrZJGerpLCTHRNEBiSgnu0+obeJpEPZRUooHgsizvzv0ZjJwOz3iWIHdJtVWJ/tmPr3D21/A==",
      "dev": true,
      "requires": {
        "has": "^1.0.3"
      }
    },
    "nanoid": {
      "version": "3.1.25",
      "resolved": "https://registry.npmjs.org/nanoid/-/nanoid-3.1.25.tgz",
      "integrity": "sha512-rdwtIXaXCLFAQbnfqDRnI6jaRHp9fTcYBjtFKE8eezcZ7LuLjhUaQGNeMXf1HmRoCH32CLz6XwX0TtxEOS/A3Q==",
      "dev": true
    },
    "path-parse": {
      "version": "1.0.7",
      "resolved": "https://registry.npmjs.org/path-parse/-/path-parse-1.0.7.tgz",
      "integrity": "sha512-LDJzPVEEEPR+y48z93A0Ed0yXb8pAByGWo/k5YYdYgpY2/2EsOsksJrq7lOHxryrVOn1ejG6oAp8ahvOIQD8sw==",
      "dev": true
    },
    "postcss": {
      "version": "8.3.6",
      "resolved": "https://registry.npmjs.org/postcss/-/postcss-8.3.6.tgz",
      "integrity": "sha512-wG1cc/JhRgdqB6WHEuyLTedf3KIRuD0hG6ldkFEZNCjRxiC+3i6kkWUUbiJQayP28iwG35cEmAbe98585BYV0A==",
      "dev": true,
      "requires": {
        "colorette": "^1.2.2",
        "nanoid": "^3.1.23",
        "source-map-js": "^0.6.2"
      }
    },
    "resolve": {
      "version": "1.20.0",
      "resolved": "https://registry.npmjs.org/resolve/-/resolve-1.20.0.tgz",
      "integrity": "sha512-wENBPt4ySzg4ybFQW2TT1zMQucPK95HSh/nq2CFTZVOGut2+pQvSsgtda4d26YrYcr067wjbmzOG8byDPBX63A==",
      "dev": true,
      "requires": {
        "is-core-module": "^2.2.0",
        "path-parse": "^1.0.6"
      }
    },
    "rollup": {
      "version": "2.50.4",
      "resolved": "https://registry.npmjs.org/rollup/-/rollup-2.50.4.tgz",
      "integrity": "sha512-mBQa9O6bdqur7a6R+TXcbdYgfO2arXlDG+rSrWfwAvsiumpJjD4OS23R9QuhItuz8ysWb8mZ91CFFDQUhJY+8Q==",
      "dev": true,
      "requires": {
        "fsevents": "~2.3.1"
      }
    },
    "source-map-js": {
      "version": "0.6.2",
      "resolved": "https://registry.npmjs.org/source-map-js/-/source-map-js-0.6.2.tgz",
      "integrity": "sha512-/3GptzWzu0+0MBQFrDKzw/DvvMTUORvgY6k6jd/VS6iCR4RDTKWH6v6WPwQoUO8667uQEf9Oe38DxAYWY5F/Ug==",
      "dev": true
    },
    "vite": {
      "version": "2.5.3",
      "resolved": "https://registry.npmjs.org/vite/-/vite-2.5.3.tgz",
      "integrity": "sha512-1wMDnjflvtTTkMov8O/Xb5+w1/VW/Gw8oCf8f6dqgHn8lMOEqq0SaPtFEQeikFcOKCfSbiU0nEi0LDIx6DNsaQ==",
      "dev": true,
      "requires": {
        "esbuild": "^0.12.17",
        "fsevents": "~2.3.2",
        "postcss": "^8.3.6",
        "resolve": "^1.20.0",
        "rollup": "^2.38.5"
      }
    }
  }
}
