{
  "name": "sierpinski-triangle",
  "version": "1.0.0",
  "lockfileVersion": 2,
  "requires": true,
  "packages": {
    "": {
      "version": "1.0.0",
      "license": "BSD-3-Clause",
      "dependencies": {
        "@nx-js/queue-util": "^1.1.1"
      }
    },
    "node_modules/@nx-js/queue-util": {
      "version": "1.1.1",
      "resolved": "https://registry.npmjs.org/@nx-js/queue-util/-/queue-util-1.1.1.tgz",
      "integrity": "sha512-LYRpNdDLFhtN3ZOlg+qnFyU7U5moGKF2YjRmbM7U+XjFCPmOtrynuG7cswB8QngnaC9JbhCpF4QnPusdhz1jQg==",
      "engines": {
        "node": ">=6.5.0"
      }
    }
  },
  "dependencies": {
    "@nx-js/queue-util": {
      "version": "1.1.1",
      "resolved": "https://registry.npmjs.org/@nx-js/queue-util/-/queue-util-1.1.1.tgz",
      "integrity": "sha512-LYRpNdDLFhtN3ZOlg+qnFyU7U5moGKF2YjRmbM7U+XjFCPmOtrynuG7cswB8QngnaC9JbhCpF4QnPusdhz1jQg=="
    }
  }
}
